
Microsoft Visual Studio Solution File, Format Version 12.00
# Visual Studio Version 17
VisualStudioVersion = 17.2.32630.192
MinimumVisualStudioVersion = 10.0.40219.1
Project("{FAE04EC0-301F-11D3-BF4B-00C04F79EFBC}") = "WcfService_8703133", "WcfService_8703133.csproj", "{78FA6FBA-17FA-4283-AA87-2902FF28E76C}"
EndProject
Global
	GlobalSection(SolutionConfigurationPlatforms) = preSolution
		Debug|Any CPU = Debug|Any CPU
		Release|Any CPU = Release|Any CPU
	EndGlobalSection
	GlobalSection(ProjectConfigurationPlatforms) = postSolution
		{78FA6FBA-17FA-4283-AA87-2902FF28E76C}.Debug|Any CPU.ActiveCfg = Debug|Any CPU
		{78FA6FBA-17FA-4283-AA87-2902FF28E76C}.Debug|Any CPU.Build.0 = Debug|Any CPU
		{78FA6FBA-17FA-4283-AA87-2902FF28E76C}.Release|Any CPU.ActiveCfg = Release|Any CPU
		{78FA6FBA-17FA-4283-AA87-2902FF28E76C}.Release|Any CPU.Build.0 = Release|Any CPU
	EndGlobalSection
	GlobalSection(SolutionProperties) = preSolution
		HideSolutionNode = FALSE
	EndGlobalSection
	GlobalSection(ExtensibilityGlobals) = postSolution
		SolutionGuid = {EBB90127-750C-4A79-BF09-A48A9A78DB7C}
	EndGlobalSection
EndGlobal
