
Microsoft Visual Studio Solution File, Format Version 12.00
# Visual Studio Version 17
VisualStudioVersion = 17.2.32630.192
MinimumVisualStudioVersion = 10.0.40219.1
Project("{FAE04EC0-301F-11D3-BF4B-00C04F79EFBC}") = "WCF_Assigment_3_Host", "WCF_Assigment_3_Host.csproj", "{D2A89444-1151-4415-BCB1-B7C5113D214B}"
EndProject
Global
	GlobalSection(SolutionConfigurationPlatforms) = preSolution
		Debug|Any CPU = Debug|Any CPU
		Release|Any CPU = Release|Any CPU
	EndGlobalSection
	GlobalSection(ProjectConfigurationPlatforms) = postSolution
		{D2A89444-1151-4415-BCB1-B7C5113D214B}.Debug|Any CPU.ActiveCfg = Debug|Any CPU
		{D2A89444-1151-4415-BCB1-B7C5113D214B}.Debug|Any CPU.Build.0 = Debug|Any CPU
		{D2A89444-1151-4415-BCB1-B7C5113D214B}.Release|Any CPU.ActiveCfg = Release|Any CPU
		{D2A89444-1151-4415-BCB1-B7C5113D214B}.Release|Any CPU.Build.0 = Release|Any CPU
	EndGlobalSection
	GlobalSection(SolutionProperties) = preSolution
		HideSolutionNode = FALSE
	EndGlobalSection
	GlobalSection(ExtensibilityGlobals) = postSolution
		SolutionGuid = {F4DBF67E-5AE0-42B5-B2F4-1E8FB2B3BAD6}
	EndGlobalSection
EndGlobal
